
Microsoft Visual Studio Solution File, Format Version 12.00
# Visual Studio Version 16
VisualStudioVersion = 16.0.31005.135
MinimumVisualStudioVersion = 10.0.40219.1
Project("{FAE04EC0-301F-11D3-BF4B-00C04F79EFBC}") = "IP_Calculato", "IP_Calculato\IP_Calculato.csproj", "{C24863D8-CFD0-48F1-A89C-85A6D2EEFE7C}"
EndProject
Global
	GlobalSection(SolutionConfigurationPlatforms) = preSolution
		Debug|Any CPU = Debug|Any CPU
		Release|Any CPU = Release|Any CPU
	EndGlobalSection
	GlobalSection(ProjectConfigurationPlatforms) = postSolution
		{C24863D8-CFD0-48F1-A89C-85A6D2EEFE7C}.Debug|Any CPU.ActiveCfg = Debug|Any CPU
		{C24863D8-CFD0-48F1-A89C-85A6D2EEFE7C}.Debug|Any CPU.Build.0 = Debug|Any CPU
		{C24863D8-CFD0-48F1-A89C-85A6D2EEFE7C}.Release|Any CPU.ActiveCfg = Release|Any CPU
		{C24863D8-CFD0-48F1-A89C-85A6D2EEFE7C}.Release|Any CPU.Build.0 = Release|Any CPU
	EndGlobalSection
	GlobalSection(SolutionProperties) = preSolution
		HideSolutionNode = FALSE
	EndGlobalSection
	GlobalSection(ExtensibilityGlobals) = postSolution
		SolutionGuid = {0F59AC26-1966-4FEF-96FC-AD58DEA9C4F6}
	EndGlobalSection
EndGlobal
